
Microsoft Visual Studio Solution File, Format Version 12.00
# Visual Studio Version 16
VisualStudioVersion = 16.0.31005.135
MinimumVisualStudioVersion = 10.0.40219.1
Project("{9A19103F-16F7-4668-BE54-9A1E7A4F7556}") = "TwoAres.Api", "TwoAres.Api\TwoAres.Api.csproj", "{C0E7DCA1-5928-4935-9597-497187433CD2}"
EndProject
Project("{9A19103F-16F7-4668-BE54-9A1E7A4F7556}") = "TwoAres.Core", "TwoAres.Core\TwoAres.Core.csproj", "{D5B39828-7F34-4A8D-937E-AFD33B43012C}"
EndProject
Project("{9A19103F-16F7-4668-BE54-9A1E7A4F7556}") = "TwoAres.Services", "TwoAres.Services\TwoAres.Services.csproj", "{93C81D5C-3BD4-44B9-9A32-5E3AB6D663AE}"
EndProject
Project("{9A19103F-16F7-4668-BE54-9A1E7A4F7556}") = "TwoAres.Data", "TwoAres.Data\TwoAres.Data.csproj", "{4884E71D-54F8-475E-8A27-B0B81F65CE08}"
EndProject
Global
	GlobalSection(SolutionConfigurationPlatforms) = preSolution
		Debug|Any CPU = Debug|Any CPU
		Release|Any CPU = Release|Any CPU
	EndGlobalSection
	GlobalSection(ProjectConfigurationPlatforms) = postSolution
		{C0E7DCA1-5928-4935-9597-497187433CD2}.Debug|Any CPU.ActiveCfg = Debug|Any CPU
		{C0E7DCA1-5928-4935-9597-497187433CD2}.Debug|Any CPU.Build.0 = Debug|Any CPU
		{C0E7DCA1-5928-4935-9597-497187433CD2}.Release|Any CPU.ActiveCfg = Release|Any CPU
		{C0E7DCA1-5928-4935-9597-497187433CD2}.Release|Any CPU.Build.0 = Release|Any CPU
		{D5B39828-7F34-4A8D-937E-AFD33B43012C}.Debug|Any CPU.ActiveCfg = Debug|Any CPU
		{D5B39828-7F34-4A8D-937E-AFD33B43012C}.Debug|Any CPU.Build.0 = Debug|Any CPU
		{D5B39828-7F34-4A8D-937E-AFD33B43012C}.Release|Any CPU.ActiveCfg = Release|Any CPU
		{D5B39828-7F34-4A8D-937E-AFD33B43012C}.Release|Any CPU.Build.0 = Release|Any CPU
		{93C81D5C-3BD4-44B9-9A32-5E3AB6D663AE}.Debug|Any CPU.ActiveCfg = Debug|Any CPU
		{93C81D5C-3BD4-44B9-9A32-5E3AB6D663AE}.Debug|Any CPU.Build.0 = Debug|Any CPU
		{93C81D5C-3BD4-44B9-9A32-5E3AB6D663AE}.Release|Any CPU.ActiveCfg = Release|Any CPU
		{93C81D5C-3BD4-44B9-9A32-5E3AB6D663AE}.Release|Any CPU.Build.0 = Release|Any CPU
		{4884E71D-54F8-475E-8A27-B0B81F65CE08}.Debug|Any CPU.ActiveCfg = Debug|Any CPU
		{4884E71D-54F8-475E-8A27-B0B81F65CE08}.Debug|Any CPU.Build.0 = Debug|Any CPU
		{4884E71D-54F8-475E-8A27-B0B81F65CE08}.Release|Any CPU.ActiveCfg = Release|Any CPU
		{4884E71D-54F8-475E-8A27-B0B81F65CE08}.Release|Any CPU.Build.0 = Release|Any CPU
	EndGlobalSection
	GlobalSection(SolutionProperties) = preSolution
		HideSolutionNode = FALSE
	EndGlobalSection
	GlobalSection(ExtensibilityGlobals) = postSolution
		SolutionGuid = {7652830F-2471-46B3-BFE1-392A4EB38A64}
	EndGlobalSection
EndGlobal
